// !$*UTF8*$!
{
	archiveVersion = 1;
	classes = {
	};
	objectVersion = 55;
	objects = {

/* Begin PBXBuildFile section */
		0430A81D2D4E5F2F00142472 /* ImagesListCell.swift in Sources */ = {isa = PBXBuildFile; fileRef = 0430A81A2D4E5F2F00142472 /* ImagesListCell.swift */; };
		0430A81E2D4E5F2F00142472 /* ImagesListViewController.swift in Sources */ = {isa = PBXBuildFile; fileRef = 0430A81B2D4E5F2F00142472 /* ImagesListViewController.swift */; };
		0430A8202D4E60CF00142472 /* Main.storyboard in Resources */ = {isa = PBXBuildFile; fileRef = 0430A81F2D4E60CF00142472 /* Main.storyboard */; };
		0445586F2D6E3ABF00B1D21A /* AuthViewController.swift in Sources */ = {isa = PBXBuildFile; fileRef = 0445586E2D6E3ABF00B1D21A /* AuthViewController.swift */; };
		044558722D6E3BE500B1D21A /* WebViewViewController.swift in Sources */ = {isa = PBXBuildFile; fileRef = 044558712D6E3BE500B1D21A /* WebViewViewController.swift */; };
		046444692D525A30004E5ACE /* Ext+UIColor.swift in Sources */ = {isa = PBXBuildFile; fileRef = 046444682D525A30004E5ACE /* Ext+UIColor.swift */; };
		0476BA3C2D67152400786FC7 /* Constants.swift in Sources */ = {isa = PBXBuildFile; fileRef = 0476BA3B2D67152400786FC7 /* Constants.swift */; };
		04A874A62D78B004006D382F /* ProgressHUD in Frameworks */ = {isa = PBXBuildFile; productRef = 04A874A52D78B004006D382F /* ProgressHUD */; };
		04A874A82D799CFF006D382F /* UIBlockingProgressHUD.swift in Sources */ = {isa = PBXBuildFile; fileRef = 04A874A72D799CFF006D382F /* UIBlockingProgressHUD.swift */; };
		04A874AA2D79A93F006D382F /* ProfileService.swift in Sources */ = {isa = PBXBuildFile; fileRef = 04A874A92D79A93F006D382F /* ProfileService.swift */; };
		04A874AC2D79ADB7006D382F /* Profile.swift in Sources */ = {isa = PBXBuildFile; fileRef = 04A874AB2D79ADB7006D382F /* Profile.swift */; };
		04A874AE2D79AE75006D382F /* ProfileResult.swift in Sources */ = {isa = PBXBuildFile; fileRef = 04A874AD2D79AE75006D382F /* ProfileResult.swift */; };
		04A874B02D7ED6F6006D382F /* ProfileImageService.swift in Sources */ = {isa = PBXBuildFile; fileRef = 04A874AF2D7ED6F6006D382F /* ProfileImageService.swift */; };
		04A874B22D7ED7F3006D382F /* Decoder+Snake.swift in Sources */ = {isa = PBXBuildFile; fileRef = 04A874B12D7ED7F3006D382F /* Decoder+Snake.swift */; };
		04A874B42D7ED830006D382F /* ProfileImage.swift in Sources */ = {isa = PBXBuildFile; fileRef = 04A874B32D7ED830006D382F /* ProfileImage.swift */; };
		04A874B72D7ED93A006D382F /* TabBarController.swift in Sources */ = {isa = PBXBuildFile; fileRef = 04A874B62D7ED93A006D382F /* TabBarController.swift */; };
		04A874BA2D7ED9FD006D382F /* AlertPresenter.swift in Sources */ = {isa = PBXBuildFile; fileRef = 04A874B92D7ED9FD006D382F /* AlertPresenter.swift */; };
		04A874BC2D7EDA1D006D382F /* AlertPresenterProtocol.swift in Sources */ = {isa = PBXBuildFile; fileRef = 04A874BB2D7EDA1D006D382F /* AlertPresenterProtocol.swift */; };
		04A874BE2D7EDA3D006D382F /* AlertModel.swift in Sources */ = {isa = PBXBuildFile; fileRef = 04A874BD2D7EDA3D006D382F /* AlertModel.swift */; };
		04A874C12D7EFDDD006D382F /* Kingfisher in Frameworks */ = {isa = PBXBuildFile; productRef = 04A874C02D7EFDDD006D382F /* Kingfisher */; };
		04BDBDD42DA29F5D000C4117 /* netfox in Frameworks */ = {isa = PBXBuildFile; productRef = 04BDBDD32DA29F5D000C4117 /* netfox */; };
		04BDBDD62DA2BE67000C4117 /* NetworkErrorType.swift in Sources */ = {isa = PBXBuildFile; fileRef = 04BDBDD52DA2BE67000C4117 /* NetworkErrorType.swift */; };
		04D9A3B02D9D5C37009456EF /* PhotoResult.swift in Sources */ = {isa = PBXBuildFile; fileRef = 04D9A3AF2D9D5C37009456EF /* PhotoResult.swift */; };
		04DF49972D6F18580092A3C7 /* OAuth2Service.swift in Sources */ = {isa = PBXBuildFile; fileRef = 04DF49962D6F18580092A3C7 /* OAuth2Service.swift */; };
		04DF49992D6F1DCB0092A3C7 /* OAuth2TokenStorage.swift in Sources */ = {isa = PBXBuildFile; fileRef = 04DF49982D6F1DCB0092A3C7 /* OAuth2TokenStorage.swift */; };
		04DF499F2D6F25210092A3C7 /* SplashViewController.swift in Sources */ = {isa = PBXBuildFile; fileRef = 04DF499E2D6F25210092A3C7 /* SplashViewController.swift */; };
		04DF49A22D6F279D0092A3C7 /* OAuthTokenResponseBody.swift in Sources */ = {isa = PBXBuildFile; fileRef = 04DF49A12D6F279D0092A3C7 /* OAuthTokenResponseBody.swift */; };
		04DF49A42D6F29590092A3C7 /* Ext+URLSession.swift in Sources */ = {isa = PBXBuildFile; fileRef = 04DF49A32D6F29590092A3C7 /* Ext+URLSession.swift */; };
		04F818F42D4F788F007F5A8F /* ProfileViewController.swift in Sources */ = {isa = PBXBuildFile; fileRef = 04F818F32D4F788F007F5A8F /* ProfileViewController.swift */; };
		04F818F62D50B8D3007F5A8F /* SingleImageViewController.swift in Sources */ = {isa = PBXBuildFile; fileRef = 04F818F52D50B8D3007F5A8F /* SingleImageViewController.swift */; };
		04FA4A082D7F596300A61D41 /* SwiftKeychainWrapper in Frameworks */ = {isa = PBXBuildFile; productRef = 04FA4A072D7F596300A61D41 /* SwiftKeychainWrapper */; };
		04FFE7642D9AB88300C6E409 /* Photo.swift in Sources */ = {isa = PBXBuildFile; fileRef = 04FFE7632D9AB88300C6E409 /* Photo.swift */; };
		04FFE7662D9AB89600C6E409 /* ImagesListService.swift in Sources */ = {isa = PBXBuildFile; fileRef = 04FFE7652D9AB89600C6E409 /* ImagesListService.swift */; };
		7D9CFA4328DDEE7F00D971A7 /* AppDelegate.swift in Sources */ = {isa = PBXBuildFile; fileRef = 7D9CFA4228DDEE7F00D971A7 /* AppDelegate.swift */; };
		7D9CFA4528DDEE7F00D971A7 /* SceneDelegate.swift in Sources */ = {isa = PBXBuildFile; fileRef = 7D9CFA4428DDEE7F00D971A7 /* SceneDelegate.swift */; };
		7D9CFA4C28DDEE8000D971A7 /* Assets.xcassets in Resources */ = {isa = PBXBuildFile; fileRef = 7D9CFA4B28DDEE8000D971A7 /* Assets.xcassets */; };
		7D9CFA4F28DDEE8000D971A7 /* LaunchScreen.storyboard in Resources */ = {isa = PBXBuildFile; fileRef = 7D9CFA4D28DDEE8000D971A7 /* LaunchScreen.storyboard */; };
/* End PBXBuildFile section */

/* Begin PBXFileReference section */
		0430A81A2D4E5F2F00142472 /* ImagesListCell.swift */ = {isa = PBXFileReference; fileEncoding = 4; lastKnownFileType = sourcecode.swift; path = ImagesListCell.swift; sourceTree = "<group>"; };
		0430A81B2D4E5F2F00142472 /* ImagesListViewController.swift */ = {isa = PBXFileReference; fileEncoding = 4; lastKnownFileType = sourcecode.swift; path = ImagesListViewController.swift; sourceTree = "<group>"; };
		0430A81F2D4E60CF00142472 /* Main.storyboard */ = {isa = PBXFileReference; fileEncoding = 4; lastKnownFileType = file.storyboard; path = Main.storyboard; sourceTree = "<group>"; };
		0445586E2D6E3ABF00B1D21A /* AuthViewController.swift */ = {isa = PBXFileReference; lastKnownFileType = sourcecode.swift; path = AuthViewController.swift; sourceTree = "<group>"; };
		044558712D6E3BE500B1D21A /* WebViewViewController.swift */ = {isa = PBXFileReference; lastKnownFileType = sourcecode.swift; path = WebViewViewController.swift; sourceTree = "<group>"; };
		046444682D525A30004E5ACE /* Ext+UIColor.swift */ = {isa = PBXFileReference; lastKnownFileType = sourcecode.swift; path = "Ext+UIColor.swift"; sourceTree = "<group>"; };
		0476BA3B2D67152400786FC7 /* Constants.swift */ = {isa = PBXFileReference; lastKnownFileType = sourcecode.swift; path = Constants.swift; sourceTree = "<group>"; };
		04A874A72D799CFF006D382F /* UIBlockingProgressHUD.swift */ = {isa = PBXFileReference; lastKnownFileType = sourcecode.swift; path = UIBlockingProgressHUD.swift; sourceTree = "<group>"; };
		04A874A92D79A93F006D382F /* ProfileService.swift */ = {isa = PBXFileReference; lastKnownFileType = sourcecode.swift; path = ProfileService.swift; sourceTree = "<group>"; };
		04A874AB2D79ADB7006D382F /* Profile.swift */ = {isa = PBXFileReference; lastKnownFileType = sourcecode.swift; path = Profile.swift; sourceTree = "<group>"; };
		04A874AD2D79AE75006D382F /* ProfileResult.swift */ = {isa = PBXFileReference; lastKnownFileType = sourcecode.swift; path = ProfileResult.swift; sourceTree = "<group>"; };
		04A874AF2D7ED6F6006D382F /* ProfileImageService.swift */ = {isa = PBXFileReference; lastKnownFileType = sourcecode.swift; path = ProfileImageService.swift; sourceTree = "<group>"; };
		04A874B12D7ED7F3006D382F /* Decoder+Snake.swift */ = {isa = PBXFileReference; lastKnownFileType = sourcecode.swift; path = "Decoder+Snake.swift"; sourceTree = "<group>"; };
		04A874B32D7ED830006D382F /* ProfileImage.swift */ = {isa = PBXFileReference; lastKnownFileType = sourcecode.swift; path = ProfileImage.swift; sourceTree = "<group>"; };
		04A874B62D7ED93A006D382F /* TabBarController.swift */ = {isa = PBXFileReference; lastKnownFileType = sourcecode.swift; path = TabBarController.swift; sourceTree = "<group>"; };
		04A874B92D7ED9FD006D382F /* AlertPresenter.swift */ = {isa = PBXFileReference; lastKnownFileType = sourcecode.swift; path = AlertPresenter.swift; sourceTree = "<group>"; };
		04A874BB2D7EDA1D006D382F /* AlertPresenterProtocol.swift */ = {isa = PBXFileReference; lastKnownFileType = sourcecode.swift; path = AlertPresenterProtocol.swift; sourceTree = "<group>"; };
		04A874BD2D7EDA3D006D382F /* AlertModel.swift */ = {isa = PBXFileReference; lastKnownFileType = sourcecode.swift; path = AlertModel.swift; sourceTree = "<group>"; };
		04BDBDD52DA2BE67000C4117 /* NetworkErrorType.swift */ = {isa = PBXFileReference; lastKnownFileType = sourcecode.swift; path = NetworkErrorType.swift; sourceTree = "<group>"; };
		04D9A3AF2D9D5C37009456EF /* PhotoResult.swift */ = {isa = PBXFileReference; lastKnownFileType = sourcecode.swift; path = PhotoResult.swift; sourceTree = "<group>"; };
		04DF49962D6F18580092A3C7 /* OAuth2Service.swift */ = {isa = PBXFileReference; lastKnownFileType = sourcecode.swift; path = OAuth2Service.swift; sourceTree = "<group>"; };
		04DF49982D6F1DCB0092A3C7 /* OAuth2TokenStorage.swift */ = {isa = PBXFileReference; lastKnownFileType = sourcecode.swift; path = OAuth2TokenStorage.swift; sourceTree = "<group>"; };
		04DF499E2D6F25210092A3C7 /* SplashViewController.swift */ = {isa = PBXFileReference; lastKnownFileType = sourcecode.swift; path = SplashViewController.swift; sourceTree = "<group>"; };
		04DF49A12D6F279D0092A3C7 /* OAuthTokenResponseBody.swift */ = {isa = PBXFileReference; lastKnownFileType = sourcecode.swift; path = OAuthTokenResponseBody.swift; sourceTree = "<group>"; };
		04DF49A32D6F29590092A3C7 /* Ext+URLSession.swift */ = {isa = PBXFileReference; lastKnownFileType = sourcecode.swift; path = "Ext+URLSession.swift"; sourceTree = "<group>"; };
		04F818F32D4F788F007F5A8F /* ProfileViewController.swift */ = {isa = PBXFileReference; lastKnownFileType = sourcecode.swift; path = ProfileViewController.swift; sourceTree = "<group>"; };
		04F818F52D50B8D3007F5A8F /* SingleImageViewController.swift */ = {isa = PBXFileReference; lastKnownFileType = sourcecode.swift; path = SingleImageViewController.swift; sourceTree = "<group>"; };
		04FFE7632D9AB88300C6E409 /* Photo.swift */ = {isa = PBXFileReference; lastKnownFileType = sourcecode.swift; path = Photo.swift; sourceTree = "<group>"; };
		04FFE7652D9AB89600C6E409 /* ImagesListService.swift */ = {isa = PBXFileReference; lastKnownFileType = sourcecode.swift; path = ImagesListService.swift; sourceTree = "<group>"; };
		7D9CFA3F28DDEE7F00D971A7 /* Image Feed.app */ = {isa = PBXFileReference; explicitFileType = wrapper.application; includeInIndex = 0; path = "Image Feed.app"; sourceTree = BUILT_PRODUCTS_DIR; };
		7D9CFA4228DDEE7F00D971A7 /* AppDelegate.swift */ = {isa = PBXFileReference; lastKnownFileType = sourcecode.swift; path = AppDelegate.swift; sourceTree = "<group>"; };
		7D9CFA4428DDEE7F00D971A7 /* SceneDelegate.swift */ = {isa = PBXFileReference; lastKnownFileType = sourcecode.swift; path = SceneDelegate.swift; sourceTree = "<group>"; };
		7D9CFA4B28DDEE8000D971A7 /* Assets.xcassets */ = {isa = PBXFileReference; lastKnownFileType = folder.assetcatalog; path = Assets.xcassets; sourceTree = "<group>"; };
		7D9CFA4E28DDEE8000D971A7 /* Base */ = {isa = PBXFileReference; lastKnownFileType = file.storyboard; name = Base; path = Base.lproj/LaunchScreen.storyboard; sourceTree = "<group>"; };
		7D9CFA5028DDEE8000D971A7 /* Info.plist */ = {isa = PBXFileReference; lastKnownFileType = text.plist.xml; path = Info.plist; sourceTree = "<group>"; };
/* End PBXFileReference section */

/* Begin PBXFrameworksBuildPhase section */
		7D9CFA3C28DDEE7F00D971A7 /* Frameworks */ = {
			isa = PBXFrameworksBuildPhase;
			buildActionMask = 2147483647;
			files = (
				04A874C12D7EFDDD006D382F /* Kingfisher in Frameworks */,
				04A874A62D78B004006D382F /* ProgressHUD in Frameworks */,
				04BDBDD42DA29F5D000C4117 /* netfox in Frameworks */,
				04FA4A082D7F596300A61D41 /* SwiftKeychainWrapper in Frameworks */,
			);
			runOnlyForDeploymentPostprocessing = 0;
		};
/* End PBXFrameworksBuildPhase section */

/* Begin PBXGroup section */
		0430A81C2D4E5F2F00142472 /* ImagesList */ = {
			isa = PBXGroup;
			children = (
				0430A81A2D4E5F2F00142472 /* ImagesListCell.swift */,
				0430A81B2D4E5F2F00142472 /* ImagesListViewController.swift */,
			);
			path = ImagesList;
			sourceTree = "<group>";
		};
		044558702D6E3ADE00B1D21A /* Auth */ = {
			isa = PBXGroup;
			children = (
				0445586E2D6E3ABF00B1D21A /* AuthViewController.swift */,
				044558712D6E3BE500B1D21A /* WebViewViewController.swift */,
			);
			path = Auth;
			sourceTree = "<group>";
		};
		046444672D525A1E004E5ACE /* Helper */ = {
			isa = PBXGroup;
			children = (
				046444682D525A30004E5ACE /* Ext+UIColor.swift */,
				04DF49A32D6F29590092A3C7 /* Ext+URLSession.swift */,
				04A874B12D7ED7F3006D382F /* Decoder+Snake.swift */,
				04BDBDD52DA2BE67000C4117 /* NetworkErrorType.swift */,
			);
			path = Helper;
			sourceTree = "<group>";
		};
		049B0C932D50F78500A17EC3 /* SingleImageView */ = {
			isa = PBXGroup;
			children = (
				04F818F52D50B8D3007F5A8F /* SingleImageViewController.swift */,
			);
			path = SingleImageView;
			sourceTree = "<group>";
		};
		04A874B52D7ED928006D382F /* Navigation */ = {
			isa = PBXGroup;
			children = (
				04A874B62D7ED93A006D382F /* TabBarController.swift */,
			);
			path = Navigation;
			sourceTree = "<group>";
		};
		04A874B82D7ED9EF006D382F /* Presentation */ = {
			isa = PBXGroup;
			children = (
				04A874B92D7ED9FD006D382F /* AlertPresenter.swift */,
				04A874BB2D7EDA1D006D382F /* AlertPresenterProtocol.swift */,
			);
			path = Presentation;
			sourceTree = "<group>";
		};
		04DF499A2D6F1DCF0092A3C7 /* Service */ = {
			isa = PBXGroup;
			children = (
				04DF49982D6F1DCB0092A3C7 /* OAuth2TokenStorage.swift */,
				04DF49962D6F18580092A3C7 /* OAuth2Service.swift */,
				04A874A92D79A93F006D382F /* ProfileService.swift */,
				04A874AF2D7ED6F6006D382F /* ProfileImageService.swift */,
				04FFE7652D9AB89600C6E409 /* ImagesListService.swift */,
			);
			path = Service;
			sourceTree = "<group>";
		};
		04DF499C2D6F24FD0092A3C7 /* Controllers */ = {
			isa = PBXGroup;
			children = (
				04A874B52D7ED928006D382F /* Navigation */,
				04DF499D2D6F25120092A3C7 /* SplashScreen */,
				044558702D6E3ADE00B1D21A /* Auth */,
				04F818F22D4F7861007F5A8F /* Profile */,
				0430A81C2D4E5F2F00142472 /* ImagesList */,
				049B0C932D50F78500A17EC3 /* SingleImageView */,
			);
			path = Controllers;
			sourceTree = "<group>";
		};
		04DF499D2D6F25120092A3C7 /* SplashScreen */ = {
			isa = PBXGroup;
			children = (
				04DF499E2D6F25210092A3C7 /* SplashViewController.swift */,
			);
			path = SplashScreen;
			sourceTree = "<group>";
		};
		04DF49A02D6F27860092A3C7 /* Models */ = {
			isa = PBXGroup;
			children = (
				04DF49A12D6F279D0092A3C7 /* OAuthTokenResponseBody.swift */,
				04A874AB2D79ADB7006D382F /* Profile.swift */,
				04A874AD2D79AE75006D382F /* ProfileResult.swift */,
				04A874B32D7ED830006D382F /* ProfileImage.swift */,
				04A874BD2D7EDA3D006D382F /* AlertModel.swift */,
				04FFE7632D9AB88300C6E409 /* Photo.swift */,
				04D9A3AF2D9D5C37009456EF /* PhotoResult.swift */,
			);
			path = Models;
			sourceTree = "<group>";
		};
		04F818F22D4F7861007F5A8F /* Profile */ = {
			isa = PBXGroup;
			children = (
				04F818F32D4F788F007F5A8F /* ProfileViewController.swift */,
			);
			path = Profile;
			sourceTree = "<group>";
		};
		7D9CFA3628DDEE7F00D971A7 = {
			isa = PBXGroup;
			children = (
				7D9CFA4128DDEE7F00D971A7 /* Image Feed */,
				7D9CFA4028DDEE7F00D971A7 /* Products */,
			);
			sourceTree = "<group>";
		};
		7D9CFA4028DDEE7F00D971A7 /* Products */ = {
			isa = PBXGroup;
			children = (
				7D9CFA3F28DDEE7F00D971A7 /* Image Feed.app */,
			);
			name = Products;
			sourceTree = "<group>";
		};
		7D9CFA4128DDEE7F00D971A7 /* Image Feed */ = {
			isa = PBXGroup;
			children = (
				04DF49A02D6F27860092A3C7 /* Models */,
				04A874B82D7ED9EF006D382F /* Presentation */,
				04DF499A2D6F1DCF0092A3C7 /* Service */,
				04DF499C2D6F24FD0092A3C7 /* Controllers */,
				046444672D525A1E004E5ACE /* Helper */,
				0476BA3B2D67152400786FC7 /* Constants.swift */,
				04A874A72D799CFF006D382F /* UIBlockingProgressHUD.swift */,
				7D9CFA4228DDEE7F00D971A7 /* AppDelegate.swift */,
				7D9CFA4428DDEE7F00D971A7 /* SceneDelegate.swift */,
				0430A81F2D4E60CF00142472 /* Main.storyboard */,
				7D9CFA4D28DDEE8000D971A7 /* LaunchScreen.storyboard */,
				7D9CFA4B28DDEE8000D971A7 /* Assets.xcassets */,
				7D9CFA5028DDEE8000D971A7 /* Info.plist */,
			);
			path = "Image Feed";
			sourceTree = "<group>";
		};
/* End PBXGroup section */

/* Begin PBXNativeTarget section */
		7D9CFA3E28DDEE7F00D971A7 /* Image Feed */ = {
			isa = PBXNativeTarget;
			buildConfigurationList = 7D9CFA5328DDEE8000D971A7 /* Build configuration list for PBXNativeTarget "Image Feed" */;
			buildPhases = (
				7D9CFA3B28DDEE7F00D971A7 /* Sources */,
				7D9CFA3C28DDEE7F00D971A7 /* Frameworks */,
				7D9CFA3D28DDEE7F00D971A7 /* Resources */,
			);
			buildRules = (
			);
			dependencies = (
			);
			name = "Image Feed";
			packageProductDependencies = (
				04A874A52D78B004006D382F /* ProgressHUD */,
				04A874C02D7EFDDD006D382F /* Kingfisher */,
				04FA4A072D7F596300A61D41 /* SwiftKeychainWrapper */,
				04BDBDD32DA29F5D000C4117 /* netfox */,
			);
			productName = "Image Feed";
			productReference = 7D9CFA3F28DDEE7F00D971A7 /* Image Feed.app */;
			productType = "com.apple.product-type.application";
		};
/* End PBXNativeTarget section */

/* Begin PBXProject section */
		7D9CFA3728DDEE7F00D971A7 /* Project object */ = {
			isa = PBXProject;
			attributes = {
				BuildIndependentTargetsInParallel = 1;
				LastSwiftUpdateCheck = 1340;
				LastUpgradeCheck = 1340;
				TargetAttributes = {
					7D9CFA3E28DDEE7F00D971A7 = {
						CreatedOnToolsVersion = 13.4.1;
					};
				};
			};
			buildConfigurationList = 7D9CFA3A28DDEE7F00D971A7 /* Build configuration list for PBXProject "Image Feed" */;
			compatibilityVersion = "Xcode 13.0";
			developmentRegion = en;
			hasScannedForEncodings = 0;
			knownRegions = (
				en,
				Base,
			);
			mainGroup = 7D9CFA3628DDEE7F00D971A7;
			packageReferences = (
				04A874A42D78B004006D382F /* XCRemoteSwiftPackageReference "ProgressHUD" */,
				04A874BF2D7EFDDD006D382F /* XCRemoteSwiftPackageReference "Kingfisher" */,
				04FA4A062D7F596300A61D41 /* XCRemoteSwiftPackageReference "SwiftKeychainWrapper" */,
				04BDBDD22DA29F5D000C4117 /* XCRemoteSwiftPackageReference "netfox" */,
			);
			productRefGroup = 7D9CFA4028DDEE7F00D971A7 /* Products */;
			projectDirPath = "";
			projectRoot = "";
			targets = (
				7D9CFA3E28DDEE7F00D971A7 /* Image Feed */,
			);
		};
/* End PBXProject section */

/* Begin PBXResourcesBuildPhase section */
		7D9CFA3D28DDEE7F00D971A7 /* Resources */ = {
			isa = PBXResourcesBuildPhase;
			buildActionMask = 2147483647;
			files = (
				0430A8202D4E60CF00142472 /* Main.storyboard in Resources */,
				7D9CFA4F28DDEE8000D971A7 /* LaunchScreen.storyboard in Resources */,
				7D9CFA4C28DDEE8000D971A7 /* Assets.xcassets in Resources */,
			);
			runOnlyForDeploymentPostprocessing = 0;
		};
/* End PBXResourcesBuildPhase section */

/* Begin PBXSourcesBuildPhase section */
		7D9CFA3B28DDEE7F00D971A7 /* Sources */ = {
			isa = PBXSourcesBuildPhase;
			buildActionMask = 2147483647;
			files = (
				04DF49992D6F1DCB0092A3C7 /* OAuth2TokenStorage.swift in Sources */,
				044558722D6E3BE500B1D21A /* WebViewViewController.swift in Sources */,
				04A874AE2D79AE75006D382F /* ProfileResult.swift in Sources */,
				04FFE7642D9AB88300C6E409 /* Photo.swift in Sources */,
				046444692D525A30004E5ACE /* Ext+UIColor.swift in Sources */,
				04A874A82D799CFF006D382F /* UIBlockingProgressHUD.swift in Sources */,
				04A874B72D7ED93A006D382F /* TabBarController.swift in Sources */,
				0430A81E2D4E5F2F00142472 /* ImagesListViewController.swift in Sources */,
				04A874B22D7ED7F3006D382F /* Decoder+Snake.swift in Sources */,
				0430A81D2D4E5F2F00142472 /* ImagesListCell.swift in Sources */,
				04DF49972D6F18580092A3C7 /* OAuth2Service.swift in Sources */,
				04BDBDD62DA2BE67000C4117 /* NetworkErrorType.swift in Sources */,
				04A874AC2D79ADB7006D382F /* Profile.swift in Sources */,
				04A874AA2D79A93F006D382F /* ProfileService.swift in Sources */,
				04A874B42D7ED830006D382F /* ProfileImage.swift in Sources */,
				04DF499F2D6F25210092A3C7 /* SplashViewController.swift in Sources */,
				04A874BE2D7EDA3D006D382F /* AlertModel.swift in Sources */,
				04D9A3B02D9D5C37009456EF /* PhotoResult.swift in Sources */,
				04F818F42D4F788F007F5A8F /* ProfileViewController.swift in Sources */,
				04DF49A42D6F29590092A3C7 /* Ext+URLSession.swift in Sources */,
				7D9CFA4328DDEE7F00D971A7 /* AppDelegate.swift in Sources */,
				04F818F62D50B8D3007F5A8F /* SingleImageViewController.swift in Sources */,
				04DF49A22D6F279D0092A3C7 /* OAuthTokenResponseBody.swift in Sources */,
				7D9CFA4528DDEE7F00D971A7 /* SceneDelegate.swift in Sources */,
				04A874B02D7ED6F6006D382F /* ProfileImageService.swift in Sources */,
				0445586F2D6E3ABF00B1D21A /* AuthViewController.swift in Sources */,
				0476BA3C2D67152400786FC7 /* Constants.swift in Sources */,
				04FFE7662D9AB89600C6E409 /* ImagesListService.swift in Sources */,
				04A874BA2D7ED9FD006D382F /* AlertPresenter.swift in Sources */,
				04A874BC2D7EDA1D006D382F /* AlertPresenterProtocol.swift in Sources */,
			);
			runOnlyForDeploymentPostprocessing = 0;
		};
/* End PBXSourcesBuildPhase section */

/* Begin PBXVariantGroup section */
		7D9CFA4D28DDEE8000D971A7 /* LaunchScreen.storyboard */ = {
			isa = PBXVariantGroup;
			children = (
				7D9CFA4E28DDEE8000D971A7 /* Base */,
			);
			name = LaunchScreen.storyboard;
			sourceTree = "<group>";
		};
/* End PBXVariantGroup section */

/* Begin XCBuildConfiguration section */
		7D9CFA5128DDEE8000D971A7 /* Debug */ = {
			isa = XCBuildConfiguration;
			buildSettings = {
				ALWAYS_SEARCH_USER_PATHS = NO;
				CLANG_ANALYZER_NONNULL = YES;
				CLANG_ANALYZER_NUMBER_OBJECT_CONVERSION = YES_AGGRESSIVE;
				CLANG_CXX_LANGUAGE_STANDARD = "gnu++17";
				CLANG_ENABLE_MODULES = YES;
				CLANG_ENABLE_OBJC_ARC = YES;
				CLANG_ENABLE_OBJC_WEAK = YES;
				CLANG_WARN_BLOCK_CAPTURE_AUTORELEASING = YES;
				CLANG_WARN_BOOL_CONVERSION = YES;
				CLANG_WARN_COMMA = YES;
				CLANG_WARN_CONSTANT_CONVERSION = YES;
				CLANG_WARN_DEPRECATED_OBJC_IMPLEMENTATIONS = YES;
				CLANG_WARN_DIRECT_OBJC_ISA_USAGE = YES_ERROR;
				CLANG_WARN_DOCUMENTATION_COMMENTS = YES;
				CLANG_WARN_EMPTY_BODY = YES;
				CLANG_WARN_ENUM_CONVERSION = YES;
				CLANG_WARN_INFINITE_RECURSION = YES;
				CLANG_WARN_INT_CONVERSION = YES;
				CLANG_WARN_NON_LITERAL_NULL_CONVERSION = YES;
				CLANG_WARN_OBJC_IMPLICIT_RETAIN_SELF = YES;
				CLANG_WARN_OBJC_LITERAL_CONVERSION = YES;
				CLANG_WARN_OBJC_ROOT_CLASS = YES_ERROR;
				CLANG_WARN_QUOTED_INCLUDE_IN_FRAMEWORK_HEADER = YES;
				CLANG_WARN_RANGE_LOOP_ANALYSIS = YES;
				CLANG_WARN_STRICT_PROTOTYPES = YES;
				CLANG_WARN_SUSPICIOUS_MOVE = YES;
				CLANG_WARN_UNGUARDED_AVAILABILITY = YES_AGGRESSIVE;
				CLANG_WARN_UNREACHABLE_CODE = YES;
				CLANG_WARN__DUPLICATE_METHOD_MATCH = YES;
				COPY_PHASE_STRIP = NO;
				DEBUG_INFORMATION_FORMAT = dwarf;
				ENABLE_STRICT_OBJC_MSGSEND = YES;
				ENABLE_TESTABILITY = YES;
				GCC_C_LANGUAGE_STANDARD = gnu11;
				GCC_DYNAMIC_NO_PIC = NO;
				GCC_NO_COMMON_BLOCKS = YES;
				GCC_OPTIMIZATION_LEVEL = 0;
				GCC_PREPROCESSOR_DEFINITIONS = (
					"DEBUG=1",
					"$(inherited)",
				);
				GCC_WARN_64_TO_32_BIT_CONVERSION = YES;
				GCC_WARN_ABOUT_RETURN_TYPE = YES_ERROR;
				GCC_WARN_UNDECLARED_SELECTOR = YES;
				GCC_WARN_UNINITIALIZED_AUTOS = YES_AGGRESSIVE;
				GCC_WARN_UNUSED_FUNCTION = YES;
				GCC_WARN_UNUSED_VARIABLE = YES;
				IPHONEOS_DEPLOYMENT_TARGET = 13.0;
				MTL_ENABLE_DEBUG_INFO = INCLUDE_SOURCE;
				MTL_FAST_MATH = YES;
				ONLY_ACTIVE_ARCH = YES;
				SDKROOT = iphoneos;
				SWIFT_ACTIVE_COMPILATION_CONDITIONS = DEBUG;
				SWIFT_OPTIMIZATION_LEVEL = "-Onone";
			};
			name = Debug;
		};
		7D9CFA5228DDEE8000D971A7 /* Release */ = {
			isa = XCBuildConfiguration;
			buildSettings = {
				ALWAYS_SEARCH_USER_PATHS = NO;
				CLANG_ANALYZER_NONNULL = YES;
				CLANG_ANALYZER_NUMBER_OBJECT_CONVERSION = YES_AGGRESSIVE;
				CLANG_CXX_LANGUAGE_STANDARD = "gnu++17";
				CLANG_ENABLE_MODULES = YES;
				CLANG_ENABLE_OBJC_ARC = YES;
				CLANG_ENABLE_OBJC_WEAK = YES;
				CLANG_WARN_BLOCK_CAPTURE_AUTORELEASING = YES;
				CLANG_WARN_BOOL_CONVERSION = YES;
				CLANG_WARN_COMMA = YES;
				CLANG_WARN_CONSTANT_CONVERSION = YES;
				CLANG_WARN_DEPRECATED_OBJC_IMPLEMENTATIONS = YES;
				CLANG_WARN_DIRECT_OBJC_ISA_USAGE = YES_ERROR;
				CLANG_WARN_DOCUMENTATION_COMMENTS = YES;
				CLANG_WARN_EMPTY_BODY = YES;
				CLANG_WARN_ENUM_CONVERSION = YES;
				CLANG_WARN_INFINITE_RECURSION = YES;
				CLANG_WARN_INT_CONVERSION = YES;
				CLANG_WARN_NON_LITERAL_NULL_CONVERSION = YES;
				CLANG_WARN_OBJC_IMPLICIT_RETAIN_SELF = YES;
				CLANG_WARN_OBJC_LITERAL_CONVERSION = YES;
				CLANG_WARN_OBJC_ROOT_CLASS = YES_ERROR;
				CLANG_WARN_QUOTED_INCLUDE_IN_FRAMEWORK_HEADER = YES;
				CLANG_WARN_RANGE_LOOP_ANALYSIS = YES;
				CLANG_WARN_STRICT_PROTOTYPES = YES;
				CLANG_WARN_SUSPICIOUS_MOVE = YES;
				CLANG_WARN_UNGUARDED_AVAILABILITY = YES_AGGRESSIVE;
				CLANG_WARN_UNREACHABLE_CODE = YES;
				CLANG_WARN__DUPLICATE_METHOD_MATCH = YES;
				COPY_PHASE_STRIP = NO;
				DEBUG_INFORMATION_FORMAT = "dwarf-with-dsym";
				ENABLE_NS_ASSERTIONS = NO;
				ENABLE_STRICT_OBJC_MSGSEND = YES;
				GCC_C_LANGUAGE_STANDARD = gnu11;
				GCC_NO_COMMON_BLOCKS = YES;
				GCC_WARN_64_TO_32_BIT_CONVERSION = YES;
				GCC_WARN_ABOUT_RETURN_TYPE = YES_ERROR;
				GCC_WARN_UNDECLARED_SELECTOR = YES;
				GCC_WARN_UNINITIALIZED_AUTOS = YES_AGGRESSIVE;
				GCC_WARN_UNUSED_FUNCTION = YES;
				GCC_WARN_UNUSED_VARIABLE = YES;
				IPHONEOS_DEPLOYMENT_TARGET = 13.0;
				MTL_ENABLE_DEBUG_INFO = NO;
				MTL_FAST_MATH = YES;
				SDKROOT = iphoneos;
				SWIFT_COMPILATION_MODE = wholemodule;
				SWIFT_OPTIMIZATION_LEVEL = "-O";
				VALIDATE_PRODUCT = YES;
			};
			name = Release;
		};
		7D9CFA5428DDEE8000D971A7 /* Debug */ = {
			isa = XCBuildConfiguration;
			buildSettings = {
				ASSETCATALOG_COMPILER_APPICON_NAME = AppIcon;
				ASSETCATALOG_COMPILER_GLOBAL_ACCENT_COLOR_NAME = AccentColor;
				CODE_SIGN_STYLE = Automatic;
				CURRENT_PROJECT_VERSION = 1;
				DEVELOPMENT_TEAM = "";
				GENERATE_INFOPLIST_FILE = YES;
				INFOPLIST_FILE = "Image Feed/Info.plist";
				INFOPLIST_KEY_UIApplicationSupportsIndirectInputEvents = YES;
				INFOPLIST_KEY_UILaunchStoryboardName = LaunchScreen;
				INFOPLIST_KEY_UIMainStoryboardFile = Main;
				INFOPLIST_KEY_UISupportedInterfaceOrientations = UIInterfaceOrientationPortrait;
				INFOPLIST_KEY_UISupportedInterfaceOrientations_iPad = "UIInterfaceOrientationPortrait UIInterfaceOrientationPortraitUpsideDown UIInterfaceOrientationLandscapeLeft UIInterfaceOrientationLandscapeRight";
				INFOPLIST_KEY_UISupportedInterfaceOrientations_iPhone = UIInterfaceOrientationPortrait;
				LD_RUNPATH_SEARCH_PATHS = (
					"$(inherited)",
					"@executable_path/Frameworks",
				);
				MARKETING_VERSION = 1.0;
				PRODUCT_BUNDLE_IDENTIFIER = "ru.praktikum.Image-Feed";
				PRODUCT_NAME = "$(TARGET_NAME)";
				SUPPORTED_PLATFORMS = "iphoneos iphonesimulator";
				SUPPORTS_MACCATALYST = NO;
				SUPPORTS_MAC_DESIGNED_FOR_IPHONE_IPAD = NO;
				SUPPORTS_XR_DESIGNED_FOR_IPHONE_IPAD = NO;
				SWIFT_EMIT_LOC_STRINGS = YES;
				SWIFT_VERSION = 5.0;
				TARGETED_DEVICE_FAMILY = 1;
			};
			name = Debug;
		};
		7D9CFA5528DDEE8000D971A7 /* Release */ = {
			isa = XCBuildConfiguration;
			buildSettings = {
				ASSETCATALOG_COMPILER_APPICON_NAME = AppIcon;
				ASSETCATALOG_COMPILER_GLOBAL_ACCENT_COLOR_NAME = AccentColor;
				CODE_SIGN_STYLE = Automatic;
				CURRENT_PROJECT_VERSION = 1;
				DEVELOPMENT_TEAM = "";
				GENERATE_INFOPLIST_FILE = YES;
				INFOPLIST_FILE = "Image Feed/Info.plist";
				INFOPLIST_KEY_UIApplicationSupportsIndirectInputEvents = YES;
				INFOPLIST_KEY_UILaunchStoryboardName = LaunchScreen;
				INFOPLIST_KEY_UIMainStoryboardFile = Main;
				INFOPLIST_KEY_UISupportedInterfaceOrientations = UIInterfaceOrientationPortrait;
				INFOPLIST_KEY_UISupportedInterfaceOrientations_iPad = "UIInterfaceOrientationPortrait UIInterfaceOrientationPortraitUpsideDown UIInterfaceOrientationLandscapeLeft UIInterfaceOrientationLandscapeRight";
				INFOPLIST_KEY_UISupportedInterfaceOrientations_iPhone = UIInterfaceOrientationPortrait;
				LD_RUNPATH_SEARCH_PATHS = (
					"$(inherited)",
					"@executable_path/Frameworks",
				);
				MARKETING_VERSION = 1.0;
				PRODUCT_BUNDLE_IDENTIFIER = "ru.praktikum.Image-Feed";
				PRODUCT_NAME = "$(TARGET_NAME)";
				SUPPORTED_PLATFORMS = "iphoneos iphonesimulator";
				SUPPORTS_MACCATALYST = NO;
				SUPPORTS_MAC_DESIGNED_FOR_IPHONE_IPAD = NO;
				SUPPORTS_XR_DESIGNED_FOR_IPHONE_IPAD = NO;
				SWIFT_EMIT_LOC_STRINGS = YES;
				SWIFT_VERSION = 5.0;
				TARGETED_DEVICE_FAMILY = 1;
			};
			name = Release;
		};
/* End XCBuildConfiguration section */

/* Begin XCConfigurationList section */
		7D9CFA3A28DDEE7F00D971A7 /* Build configuration list for PBXProject "Image Feed" */ = {
			isa = XCConfigurationList;
			buildConfigurations = (
				7D9CFA5128DDEE8000D971A7 /* Debug */,
				7D9CFA5228DDEE8000D971A7 /* Release */,
			);
			defaultConfigurationIsVisible = 0;
			defaultConfigurationName = Release;
		};
		7D9CFA5328DDEE8000D971A7 /* Build configuration list for PBXNativeTarget "Image Feed" */ = {
			isa = XCConfigurationList;
			buildConfigurations = (
				7D9CFA5428DDEE8000D971A7 /* Debug */,
				7D9CFA5528DDEE8000D971A7 /* Release */,
			);
			defaultConfigurationIsVisible = 0;
			defaultConfigurationName = Release;
		};
/* End XCConfigurationList section */

/* Begin XCRemoteSwiftPackageReference section */
		04A874A42D78B004006D382F /* XCRemoteSwiftPackageReference "ProgressHUD" */ = {
			isa = XCRemoteSwiftPackageReference;
			repositoryURL = "https://github.com/relatedcode/ProgressHUD";
			requirement = {
				kind = upToNextMajorVersion;
				minimumVersion = 14.1.3;
			};
		};
		04A874BF2D7EFDDD006D382F /* XCRemoteSwiftPackageReference "Kingfisher" */ = {
			isa = XCRemoteSwiftPackageReference;
			repositoryURL = "https://github.com/onevcat/Kingfisher";
			requirement = {
				kind = upToNextMajorVersion;
				minimumVersion = 8.3.0;
			};
		};
		04BDBDD22DA29F5D000C4117 /* XCRemoteSwiftPackageReference "netfox" */ = {
			isa = XCRemoteSwiftPackageReference;
			repositoryURL = "https://github.com/kasketis/netfox";
			requirement = {
				kind = upToNextMajorVersion;
				minimumVersion = 1.21.0;
			};
		};
		04FA4A062D7F596300A61D41 /* XCRemoteSwiftPackageReference "SwiftKeychainWrapper" */ = {
			isa = XCRemoteSwiftPackageReference;
			repositoryURL = "https://github.com/jrendel/SwiftKeychainWrapper.git";
			requirement = {
				kind = upToNextMajorVersion;
				minimumVersion = 4.0.1;
			};
		};
/* End XCRemoteSwiftPackageReference section */

/* Begin XCSwiftPackageProductDependency section */
		04A874A52D78B004006D382F /* ProgressHUD */ = {
			isa = XCSwiftPackageProductDependency;
			package = 04A874A42D78B004006D382F /* XCRemoteSwiftPackageReference "ProgressHUD" */;
			productName = ProgressHUD;
		};
		04A874C02D7EFDDD006D382F /* Kingfisher */ = {
			isa = XCSwiftPackageProductDependency;
			package = 04A874BF2D7EFDDD006D382F /* XCRemoteSwiftPackageReference "Kingfisher" */;
			productName = Kingfisher;
		};
		04BDBDD32DA29F5D000C4117 /* netfox */ = {
			isa = XCSwiftPackageProductDependency;
			package = 04BDBDD22DA29F5D000C4117 /* XCRemoteSwiftPackageReference "netfox" */;
			productName = netfox;
		};
		04FA4A072D7F596300A61D41 /* SwiftKeychainWrapper */ = {
			isa = XCSwiftPackageProductDependency;
			package = 04FA4A062D7F596300A61D41 /* XCRemoteSwiftPackageReference "SwiftKeychainWrapper" */;
			productName = SwiftKeychainWrapper;
		};
/* End XCSwiftPackageProductDependency section */
	};
	rootObject = 7D9CFA3728DDEE7F00D971A7 /* Project object */;
}
